
Microsoft Visual Studio Solution File, Format Version 12.00
# Visual Studio Version 17
VisualStudioVersion = 17.10.35027.167
MinimumVisualStudioVersion = 10.0.40219.1
Project("{8BC9CEB8-8B4A-11D0-8D11-00A0C91BC942}") = "TemplateDSA", "TemplateDSA\TemplateDSA.vcxproj", "{8C4CDAC3-8743-4489-9793-22DCF0E617E9}"
EndProject
Global
	GlobalSection(SolutionConfigurationPlatforms) = preSolution
		Debug|x64 = Debug|x64
		Debug|x86 = Debug|x86
		Release|x64 = Release|x64
		Release|x86 = Release|x86
	EndGlobalSection
	GlobalSection(ProjectConfigurationPlatforms) = postSolution
		{8C4CDAC3-8743-4489-9793-22DCF0E617E9}.Debug|x64.ActiveCfg = Debug|x64
		{8C4CDAC3-8743-4489-9793-22DCF0E617E9}.Debug|x64.Build.0 = Debug|x64
		{8C4CDAC3-8743-4489-9793-22DCF0E617E9}.Debug|x86.ActiveCfg = Debug|Win32
		{8C4CDAC3-8743-4489-9793-22DCF0E617E9}.Debug|x86.Build.0 = Debug|Win32
		{8C4CDAC3-8743-4489-9793-22DCF0E617E9}.Release|x64.ActiveCfg = Release|x64
		{8C4CDAC3-8743-4489-9793-22DCF0E617E9}.Release|x64.Build.0 = Release|x64
		{8C4CDAC3-8743-4489-9793-22DCF0E617E9}.Release|x86.ActiveCfg = Release|Win32
		{8C4CDAC3-8743-4489-9793-22DCF0E617E9}.Release|x86.Build.0 = Release|Win32
	EndGlobalSection
	GlobalSection(SolutionProperties) = preSolution
		HideSolutionNode = FALSE
	EndGlobalSection
	GlobalSection(ExtensibilityGlobals) = postSolution
		SolutionGuid = {53AB0E9E-0AA1-45D8-B96B-2D8A27EC13E0}
	EndGlobalSection
EndGlobal
