<?xml version="1.0" encoding="utf-8"?>
<Project ToolsVersion="4.0" xmlns="http://schemas.microsoft.com/developer/msbuild/2003">
  <ItemGroup>
    <Filter Include="源文件">
      <UniqueIdentifier>{4FC737F1-C7A5-4376-A066-2A32D752A2FF}</UniqueIdentifier>
      <Extensions>cpp;c;cc;cxx;c++;cppm;ixx;def;odl;idl;hpj;bat;asm;asmx</Extensions>
    </Filter>
    <Filter Include="头文件">
      <UniqueIdentifier>{93995380-89BD-4b04-88EB-625FBE52EBFB}</UniqueIdentifier>
      <Extensions>h;hh;hpp;hxx;h++;hm;inl;inc;ipp;xsd</Extensions>
    </Filter>
    <Filter Include="资源文件">
      <UniqueIdentifier>{67DA6AB6-F800-4c08-8B7A-83BB121AAD01}</UniqueIdentifier>
      <Extensions>rc;ico;cur;bmp;dlg;rc2;rct;bin;rgs;gif;jpg;jpeg;jpe;resx;tiff;tif;png;wav;mfcribbon-ms</Extensions>
    </Filter>
    <Filter Include="头文件\List">
      <UniqueIdentifier>{bfc73d9a-1210-42b2-ae52-3fbfd501b9a9}</UniqueIdentifier>
    </Filter>
    <Filter Include="头文件\LinkList">
      <UniqueIdentifier>{6f6dadf5-a6cd-478f-b6e6-a60c0c78f94a}</UniqueIdentifier>
    </Filter>
    <Filter Include="头文件\Tree">
      <UniqueIdentifier>{e3c210a4-c405-4bef-a05d-0a82d051d400}</UniqueIdentifier>
    </Filter>
    <Filter Include="头文件\Queue">
      <UniqueIdentifier>{6caa1264-72fc-4677-837e-063d802b82ae}</UniqueIdentifier>
    </Filter>
    <Filter Include="头文件\Stack">
      <UniqueIdentifier>{a9c27b88-be4a-4f86-8243-b3cdc110ce82}</UniqueIdentifier>
    </Filter>
    <Filter Include="头文件\Heap">
      <UniqueIdentifier>{5b2fda35-be47-4a0e-8c06-2cc1ace845e2}</UniqueIdentifier>
    </Filter>
  </ItemGroup>
  <ItemGroup>
    <ClInclude Include="allocator.hpp">
      <Filter>头文件</Filter>
    </ClInclude>
    <ClInclude Include="List\LinearList.hpp">
      <Filter>头文件\List</Filter>
    </ClInclude>
    <ClInclude Include="List\Array.hpp">
      <Filter>头文件\List</Filter>
    </ClInclude>
    <ClInclude Include="LinkedList\DoubleLinkedList.hpp">
      <Filter>头文件\LinkList</Filter>
    </ClInclude>
    <ClInclude Include="LinkedList\LinkedList.hpp">
      <Filter>头文件\LinkList</Filter>
    </ClInclude>
    <ClInclude Include="LinkedList\StaticDoubleLinkedList.hpp">
      <Filter>头文件\LinkList</Filter>
    </ClInclude>
    <ClInclude Include="LinkedList\StaticLinkedList.hpp">
      <Filter>头文件\LinkList</Filter>
    </ClInclude>
    <ClInclude Include="Tree\AVLTree.hpp">
      <Filter>头文件\Tree</Filter>
    </ClInclude>
    <ClInclude Include="Tree\BinarySortTree.hpp">
      <Filter>头文件\Tree</Filter>
    </ClInclude>
    <ClInclude Include="Tree\BinaryTree.hpp">
      <Filter>头文件\Tree</Filter>
    </ClInclude>
    <ClInclude Include="Tree\BinaryWithParentTree.hpp">
      <Filter>头文件\Tree</Filter>
    </ClInclude>
    <ClInclude Include="Tree\TheTreeHead.h">
      <Filter>头文件\Tree</Filter>
    </ClInclude>
    <ClInclude Include="Tree\Tree.hpp">
      <Filter>头文件\Tree</Filter>
    </ClInclude>
    <ClInclude Include="Queue\LinkQueue.hpp">
      <Filter>头文件\Queue</Filter>
    </ClInclude>
    <ClInclude Include="Queue\StaticQueue.hpp">
      <Filter>头文件\Queue</Filter>
    </ClInclude>
    <ClInclude Include="Stack\LinkStack.hpp">
      <Filter>头文件\Stack</Filter>
    </ClInclude>
    <ClInclude Include="Stack\StaticStack.hpp">
      <Filter>头文件\Stack</Filter>
    </ClInclude>
    <ClInclude Include="Heap.hpp">
      <Filter>头文件\Heap</Filter>
    </ClInclude>
    <ClInclude Include="LinkedList\TailLinkedList.hpp">
      <Filter>头文件\LinkList</Filter>
    </ClInclude>
  </ItemGroup>
  <ItemGroup>
    <ClCompile Include="Test.cpp">
      <Filter>源文件</Filter>
    </ClCompile>
  </ItemGroup>
</Project>